
Microsoft Visual Studio Solution File, Format Version 12.00
# Visual Studio Version 16
VisualStudioVersion = 16.0.32510.428
MinimumVisualStudioVersion = 10.0.40219.1
Project("{FAE04EC0-301F-11D3-BF4B-00C04F79EFBC}") = "Restaurant", "Restaurant\Restaurant.csproj", "{DB18BB4A-8E35-41D0-8C09-7D218F742A49}"
EndProject
Global
	GlobalSection(SolutionConfigurationPlatforms) = preSolution
		Debug|Any CPU = Debug|Any CPU
		Release|Any CPU = Release|Any CPU
	EndGlobalSection
	GlobalSection(ProjectConfigurationPlatforms) = postSolution
		{DB18BB4A-8E35-41D0-8C09-7D218F742A49}.Debug|Any CPU.ActiveCfg = Debug|Any CPU
		{DB18BB4A-8E35-41D0-8C09-7D218F742A49}.Debug|Any CPU.Build.0 = Debug|Any CPU
		{DB18BB4A-8E35-41D0-8C09-7D218F742A49}.Release|Any CPU.ActiveCfg = Release|Any CPU
		{DB18BB4A-8E35-41D0-8C09-7D218F742A49}.Release|Any CPU.Build.0 = Release|Any CPU
	EndGlobalSection
	GlobalSection(SolutionProperties) = preSolution
		HideSolutionNode = FALSE
	EndGlobalSection
	GlobalSection(ExtensibilityGlobals) = postSolution
		SolutionGuid = {ABFF490A-FC08-4283-B731-0B3CD4C43F3C}
	EndGlobalSection
EndGlobal
